// !$*UTF8*$!
{
	archiveVersion = 1;
	classes = {
	};
	objectVersion = 50;
	objects = {

/* Begin PBXBuildFile section */
		4611C12421123001005EC3E3 /* QuestionFactory.m in Sources */ = {isa = PBXBuildFile; fileRef = 4611C12321123001005EC3E3 /* QuestionFactory.m */; };
		46FE3A812110C43A004CC552 /* main.m in Sources */ = {isa = PBXBuildFile; fileRef = 46FE3A802110C43A004CC552 /* main.m */; };
		46FE3A8C2110D0A7004CC552 /* Question.m in Sources */ = {isa = PBXBuildFile; fileRef = 46FE3A8B2110D0A7004CC552 /* Question.m */; };
		46FE3A8F2110DE33004CC552 /* InputHandler.m in Sources */ = {isa = PBXBuildFile; fileRef = 46FE3A8E2110DE33004CC552 /* InputHandler.m */; };
		46FE3A922110E9DA004CC552 /* ScoreKeeper.m in Sources */ = {isa = PBXBuildFile; fileRef = 46FE3A912110E9DA004CC552 /* ScoreKeeper.m */; };
		46FE3AB721121539004CC552 /* QuestionManager.m in Sources */ = {isa = PBXBuildFile; fileRef = 46FE3AB621121539004CC552 /* QuestionManager.m */; };
		46FE3ABA21122AB6004CC552 /* AdditionQuestion.m in Sources */ = {isa = PBXBuildFile; fileRef = 46FE3AB921122AB6004CC552 /* AdditionQuestion.m */; };
		46FE3ABD21122AC7004CC552 /* SubtractionQuestion.m in Sources */ = {isa = PBXBuildFile; fileRef = 46FE3ABC21122AC7004CC552 /* SubtractionQuestion.m */; };
		46FE3AC021122AE8004CC552 /* MultiplicationQuestion.m in Sources */ = {isa = PBXBuildFile; fileRef = 46FE3ABF21122AE8004CC552 /* MultiplicationQuestion.m */; };
		46FE3AC321122B05004CC552 /* DivisionQuestion.m in Sources */ = {isa = PBXBuildFile; fileRef = 46FE3AC221122B05004CC552 /* DivisionQuestion.m */; };
/* End PBXBuildFile section */

/* Begin PBXCopyFilesBuildPhase section */
		46FE3A7B2110C43A004CC552 /* CopyFiles */ = {
			isa = PBXCopyFilesBuildPhase;
			buildActionMask = 2147483647;
			dstPath = /usr/share/man/man1/;
			dstSubfolderSpec = 0;
			files = (
			);
			runOnlyForDeploymentPostprocessing = 1;
		};
/* End PBXCopyFilesBuildPhase section */

/* Begin PBXFileReference section */
		4611C12221123001005EC3E3 /* QuestionFactory.h */ = {isa = PBXFileReference; lastKnownFileType = sourcecode.c.h; path = QuestionFactory.h; sourceTree = "<group>"; };
		4611C12321123001005EC3E3 /* QuestionFactory.m */ = {isa = PBXFileReference; lastKnownFileType = sourcecode.c.objc; path = QuestionFactory.m; sourceTree = "<group>"; };
		46FE3A7D2110C43A004CC552 /* Maths */ = {isa = PBXFileReference; explicitFileType = "compiled.mach-o.executable"; includeInIndex = 0; path = Maths; sourceTree = BUILT_PRODUCTS_DIR; };
		46FE3A802110C43A004CC552 /* main.m */ = {isa = PBXFileReference; lastKnownFileType = sourcecode.c.objc; path = main.m; sourceTree = "<group>"; };
		46FE3A8A2110D0A7004CC552 /* Question.h */ = {isa = PBXFileReference; lastKnownFileType = sourcecode.c.h; path = Question.h; sourceTree = "<group>"; };
		46FE3A8B2110D0A7004CC552 /* Question.m */ = {isa = PBXFileReference; lastKnownFileType = sourcecode.c.objc; path = Question.m; sourceTree = "<group>"; };
		46FE3A8D2110DE33004CC552 /* InputHandler.h */ = {isa = PBXFileReference; lastKnownFileType = sourcecode.c.h; path = InputHandler.h; sourceTree = "<group>"; };
		46FE3A8E2110DE33004CC552 /* InputHandler.m */ = {isa = PBXFileReference; lastKnownFileType = sourcecode.c.objc; path = InputHandler.m; sourceTree = "<group>"; };
		46FE3A902110E9DA004CC552 /* ScoreKeeper.h */ = {isa = PBXFileReference; lastKnownFileType = sourcecode.c.h; path = ScoreKeeper.h; sourceTree = "<group>"; };
		46FE3A912110E9DA004CC552 /* ScoreKeeper.m */ = {isa = PBXFileReference; lastKnownFileType = sourcecode.c.objc; path = ScoreKeeper.m; sourceTree = "<group>"; };
		46FE3AB521121539004CC552 /* QuestionManager.h */ = {isa = PBXFileReference; lastKnownFileType = sourcecode.c.h; path = QuestionManager.h; sourceTree = "<group>"; };
		46FE3AB621121539004CC552 /* QuestionManager.m */ = {isa = PBXFileReference; lastKnownFileType = sourcecode.c.objc; path = QuestionManager.m; sourceTree = "<group>"; };
		46FE3AB821122AB6004CC552 /* AdditionQuestion.h */ = {isa = PBXFileReference; lastKnownFileType = sourcecode.c.h; path = AdditionQuestion.h; sourceTree = "<group>"; };
		46FE3AB921122AB6004CC552 /* AdditionQuestion.m */ = {isa = PBXFileReference; lastKnownFileType = sourcecode.c.objc; path = AdditionQuestion.m; sourceTree = "<group>"; };
		46FE3ABB21122AC7004CC552 /* SubtractionQuestion.h */ = {isa = PBXFileReference; lastKnownFileType = sourcecode.c.h; path = SubtractionQuestion.h; sourceTree = "<group>"; };
		46FE3ABC21122AC7004CC552 /* SubtractionQuestion.m */ = {isa = PBXFileReference; lastKnownFileType = sourcecode.c.objc; path = SubtractionQuestion.m; sourceTree = "<group>"; };
		46FE3ABE21122AE8004CC552 /* MultiplicationQuestion.h */ = {isa = PBXFileReference; lastKnownFileType = sourcecode.c.h; path = MultiplicationQuestion.h; sourceTree = "<group>"; };
		46FE3ABF21122AE8004CC552 /* MultiplicationQuestion.m */ = {isa = PBXFileReference; lastKnownFileType = sourcecode.c.objc; path = MultiplicationQuestion.m; sourceTree = "<group>"; };
		46FE3AC121122B05004CC552 /* DivisionQuestion.h */ = {isa = PBXFileReference; lastKnownFileType = sourcecode.c.h; path = DivisionQuestion.h; sourceTree = "<group>"; };
		46FE3AC221122B05004CC552 /* DivisionQuestion.m */ = {isa = PBXFileReference; lastKnownFileType = sourcecode.c.objc; path = DivisionQuestion.m; sourceTree = "<group>"; };
/* End PBXFileReference section */

/* Begin PBXFrameworksBuildPhase section */
		46FE3A7A2110C43A004CC552 /* Frameworks */ = {
			isa = PBXFrameworksBuildPhase;
			buildActionMask = 2147483647;
			files = (
			);
			runOnlyForDeploymentPostprocessing = 0;
		};
/* End PBXFrameworksBuildPhase section */

/* Begin PBXGroup section */
		46FE3A742110C43A004CC552 = {
			isa = PBXGroup;
			children = (
				46FE3A7F2110C43A004CC552 /* Maths */,
				46FE3A7E2110C43A004CC552 /* Products */,
			);
			sourceTree = "<group>";
		};
		46FE3A7E2110C43A004CC552 /* Products */ = {
			isa = PBXGroup;
			children = (
				46FE3A7D2110C43A004CC552 /* Maths */,
			);
			name = Products;
			sourceTree = "<group>";
		};
		46FE3A7F2110C43A004CC552 /* Maths */ = {
			isa = PBXGroup;
			children = (
				46FE3A802110C43A004CC552 /* main.m */,
				4611C12221123001005EC3E3 /* QuestionFactory.h */,
				4611C12321123001005EC3E3 /* QuestionFactory.m */,
				46FE3A8A2110D0A7004CC552 /* Question.h */,
				46FE3A8B2110D0A7004CC552 /* Question.m */,
				46FE3AB821122AB6004CC552 /* AdditionQuestion.h */,
				46FE3AB921122AB6004CC552 /* AdditionQuestion.m */,
				46FE3ABB21122AC7004CC552 /* SubtractionQuestion.h */,
				46FE3ABC21122AC7004CC552 /* SubtractionQuestion.m */,
				46FE3ABE21122AE8004CC552 /* MultiplicationQuestion.h */,
				46FE3ABF21122AE8004CC552 /* MultiplicationQuestion.m */,
				46FE3AC121122B05004CC552 /* DivisionQuestion.h */,
				46FE3AC221122B05004CC552 /* DivisionQuestion.m */,
				46FE3AB521121539004CC552 /* QuestionManager.h */,
				46FE3AB621121539004CC552 /* QuestionManager.m */,
				46FE3A902110E9DA004CC552 /* ScoreKeeper.h */,
				46FE3A912110E9DA004CC552 /* ScoreKeeper.m */,
				46FE3A8D2110DE33004CC552 /* InputHandler.h */,
				46FE3A8E2110DE33004CC552 /* InputHandler.m */,
			);
			path = Maths;
			sourceTree = "<group>";
		};
/* End PBXGroup section */

/* Begin PBXNativeTarget section */
		46FE3A7C2110C43A004CC552 /* Maths */ = {
			isa = PBXNativeTarget;
			buildConfigurationList = 46FE3A842110C43A004CC552 /* Build configuration list for PBXNativeTarget "Maths" */;
			buildPhases = (
				46FE3A792110C43A004CC552 /* Sources */,
				46FE3A7A2110C43A004CC552 /* Frameworks */,
				46FE3A7B2110C43A004CC552 /* CopyFiles */,
			);
			buildRules = (
			);
			dependencies = (
			);
			name = Maths;
			productName = Maths;
			productReference = 46FE3A7D2110C43A004CC552 /* Maths */;
			productType = "com.apple.product-type.tool";
		};
/* End PBXNativeTarget section */

/* Begin PBXProject section */
		46FE3A752110C43A004CC552 /* Project object */ = {
			isa = PBXProject;
			attributes = {
				LastUpgradeCheck = 0930;
				ORGANIZATIONNAME = wiljay;
				TargetAttributes = {
					46FE3A7C2110C43A004CC552 = {
						CreatedOnToolsVersion = 9.3;
					};
				};
			};
			buildConfigurationList = 46FE3A782110C43A004CC552 /* Build configuration list for PBXProject "Maths" */;
			compatibilityVersion = "Xcode 9.3";
			developmentRegion = en;
			hasScannedForEncodings = 0;
			knownRegions = (
				en,
			);
			mainGroup = 46FE3A742110C43A004CC552;
			productRefGroup = 46FE3A7E2110C43A004CC552 /* Products */;
			projectDirPath = "";
			projectRoot = "";
			targets = (
				46FE3A7C2110C43A004CC552 /* Maths */,
			);
		};
/* End PBXProject section */

/* Begin PBXSourcesBuildPhase section */
		46FE3A792110C43A004CC552 /* Sources */ = {
			isa = PBXSourcesBuildPhase;
			buildActionMask = 2147483647;
			files = (
				46FE3AB721121539004CC552 /* QuestionManager.m in Sources */,
				46FE3AC021122AE8004CC552 /* MultiplicationQuestion.m in Sources */,
				46FE3ABA21122AB6004CC552 /* AdditionQuestion.m in Sources */,
				46FE3ABD21122AC7004CC552 /* SubtractionQuestion.m in Sources */,
				46FE3A922110E9DA004CC552 /* ScoreKeeper.m in Sources */,
				46FE3A812110C43A004CC552 /* main.m in Sources */,
				46FE3AC321122B05004CC552 /* DivisionQuestion.m in Sources */,
				46FE3A8F2110DE33004CC552 /* InputHandler.m in Sources */,
				4611C12421123001005EC3E3 /* QuestionFactory.m in Sources */,
				46FE3A8C2110D0A7004CC552 /* Question.m in Sources */,
			);
			runOnlyForDeploymentPostprocessing = 0;
		};
/* End PBXSourcesBuildPhase section */

/* Begin XCBuildConfiguration section */
		46FE3A822110C43A004CC552 /* Debug */ = {
			isa = XCBuildConfiguration;
			buildSettings = {
				ALWAYS_SEARCH_USER_PATHS = NO;
				CLANG_ANALYZER_NONNULL = YES;
				CLANG_ANALYZER_NUMBER_OBJECT_CONVERSION = YES_AGGRESSIVE;
				CLANG_CXX_LANGUAGE_STANDARD = "gnu++14";
				CLANG_CXX_LIBRARY = "libc++";
				CLANG_ENABLE_MODULES = YES;
				CLANG_ENABLE_OBJC_ARC = YES;
				CLANG_ENABLE_OBJC_WEAK = YES;
				CLANG_WARN_BLOCK_CAPTURE_AUTORELEASING = YES;
				CLANG_WARN_BOOL_CONVERSION = YES;
				CLANG_WARN_COMMA = YES;
				CLANG_WARN_CONSTANT_CONVERSION = YES;
				CLANG_WARN_DEPRECATED_OBJC_IMPLEMENTATIONS = YES;
				CLANG_WARN_DIRECT_OBJC_ISA_USAGE = YES_ERROR;
				CLANG_WARN_DOCUMENTATION_COMMENTS = YES;
				CLANG_WARN_EMPTY_BODY = YES;
				CLANG_WARN_ENUM_CONVERSION = YES;
				CLANG_WARN_INFINITE_RECURSION = YES;
				CLANG_WARN_INT_CONVERSION = YES;
				CLANG_WARN_NON_LITERAL_NULL_CONVERSION = YES;
				CLANG_WARN_OBJC_IMPLICIT_RETAIN_SELF = YES;
				CLANG_WARN_OBJC_LITERAL_CONVERSION = YES;
				CLANG_WARN_OBJC_ROOT_CLASS = YES_ERROR;
				CLANG_WARN_RANGE_LOOP_ANALYSIS = YES;
				CLANG_WARN_STRICT_PROTOTYPES = YES;
				CLANG_WARN_SUSPICIOUS_MOVE = YES;
				CLANG_WARN_UNGUARDED_AVAILABILITY = YES_AGGRESSIVE;
				CLANG_WARN_UNREACHABLE_CODE = YES;
				CLANG_WARN__DUPLICATE_METHOD_MATCH = YES;
				CODE_SIGN_IDENTITY = "Mac Developer";
				COPY_PHASE_STRIP = NO;
				DEBUG_INFORMATION_FORMAT = dwarf;
				ENABLE_STRICT_OBJC_MSGSEND = YES;
				ENABLE_TESTABILITY = YES;
				GCC_C_LANGUAGE_STANDARD = gnu11;
				GCC_DYNAMIC_NO_PIC = NO;
				GCC_NO_COMMON_BLOCKS = YES;
				GCC_OPTIMIZATION_LEVEL = 0;
				GCC_PREPROCESSOR_DEFINITIONS = (
					"DEBUG=1",
					"$(inherited)",
				);
				GCC_WARN_64_TO_32_BIT_CONVERSION = YES;
				GCC_WARN_ABOUT_RETURN_TYPE = YES_ERROR;
				GCC_WARN_UNDECLARED_SELECTOR = YES;
				GCC_WARN_UNINITIALIZED_AUTOS = YES_AGGRESSIVE;
				GCC_WARN_UNUSED_FUNCTION = YES;
				GCC_WARN_UNUSED_VARIABLE = YES;
				MACOSX_DEPLOYMENT_TARGET = 10.13;
				MTL_ENABLE_DEBUG_INFO = YES;
				ONLY_ACTIVE_ARCH = YES;
				SDKROOT = macosx;
			};
			name = Debug;
		};
		46FE3A832110C43A004CC552 /* Release */ = {
			isa = XCBuildConfiguration;
			buildSettings = {
				ALWAYS_SEARCH_USER_PATHS = NO;
				CLANG_ANALYZER_NONNULL = YES;
				CLANG_ANALYZER_NUMBER_OBJECT_CONVERSION = YES_AGGRESSIVE;
				CLANG_CXX_LANGUAGE_STANDARD = "gnu++14";
				CLANG_CXX_LIBRARY = "libc++";
				CLANG_ENABLE_MODULES = YES;
				CLANG_ENABLE_OBJC_ARC = YES;
				CLANG_ENABLE_OBJC_WEAK = YES;
				CLANG_WARN_BLOCK_CAPTURE_AUTORELEASING = YES;
				CLANG_WARN_BOOL_CONVERSION = YES;
				CLANG_WARN_COMMA = YES;
				CLANG_WARN_CONSTANT_CONVERSION = YES;
				CLANG_WARN_DEPRECATED_OBJC_IMPLEMENTATIONS = YES;
				CLANG_WARN_DIRECT_OBJC_ISA_USAGE = YES_ERROR;
				CLANG_WARN_DOCUMENTATION_COMMENTS = YES;
				CLANG_WARN_EMPTY_BODY = YES;
				CLANG_WARN_ENUM_CONVERSION = YES;
				CLANG_WARN_INFINITE_RECURSION = YES;
				CLANG_WARN_INT_CONVERSION = YES;
				CLANG_WARN_NON_LITERAL_NULL_CONVERSION = YES;
				CLANG_WARN_OBJC_IMPLICIT_RETAIN_SELF = YES;
				CLANG_WARN_OBJC_LITERAL_CONVERSION = YES;
				CLANG_WARN_OBJC_ROOT_CLASS = YES_ERROR;
				CLANG_WARN_RANGE_LOOP_ANALYSIS = YES;
				CLANG_WARN_STRICT_PROTOTYPES = YES;
				CLANG_WARN_SUSPICIOUS_MOVE = YES;
				CLANG_WARN_UNGUARDED_AVAILABILITY = YES_AGGRESSIVE;
				CLANG_WARN_UNREACHABLE_CODE = YES;
				CLANG_WARN__DUPLICATE_METHOD_MATCH = YES;
				CODE_SIGN_IDENTITY = "Mac Developer";
				COPY_PHASE_STRIP = NO;
				DEBUG_INFORMATION_FORMAT = "dwarf-with-dsym";
				ENABLE_NS_ASSERTIONS = NO;
				ENABLE_STRICT_OBJC_MSGSEND = YES;
				GCC_C_LANGUAGE_STANDARD = gnu11;
				GCC_NO_COMMON_BLOCKS = YES;
				GCC_WARN_64_TO_32_BIT_CONVERSION = YES;
				GCC_WARN_ABOUT_RETURN_TYPE = YES_ERROR;
				GCC_WARN_UNDECLARED_SELECTOR = YES;
				GCC_WARN_UNINITIALIZED_AUTOS = YES_AGGRESSIVE;
				GCC_WARN_UNUSED_FUNCTION = YES;
				GCC_WARN_UNUSED_VARIABLE = YES;
				MACOSX_DEPLOYMENT_TARGET = 10.13;
				MTL_ENABLE_DEBUG_INFO = NO;
				SDKROOT = macosx;
			};
			name = Release;
		};
		46FE3A852110C43A004CC552 /* Debug */ = {
			isa = XCBuildConfiguration;
			buildSettings = {
				CODE_SIGN_STYLE = Automatic;
				DEVELOPMENT_TEAM = PQYWQB75M5;
				PRODUCT_NAME = "$(TARGET_NAME)";
			};
			name = Debug;
		};
		46FE3A862110C43A004CC552 /* Release */ = {
			isa = XCBuildConfiguration;
			buildSettings = {
				CODE_SIGN_STYLE = Automatic;
				DEVELOPMENT_TEAM = PQYWQB75M5;
				PRODUCT_NAME = "$(TARGET_NAME)";
			};
			name = Release;
		};
/* End XCBuildConfiguration section */

/* Begin XCConfigurationList section */
		46FE3A782110C43A004CC552 /* Build configuration list for PBXProject "Maths" */ = {
			isa = XCConfigurationList;
			buildConfigurations = (
				46FE3A822110C43A004CC552 /* Debug */,
				46FE3A832110C43A004CC552 /* Release */,
			);
			defaultConfigurationIsVisible = 0;
			defaultConfigurationName = Release;
		};
		46FE3A842110C43A004CC552 /* Build configuration list for PBXNativeTarget "Maths" */ = {
			isa = XCConfigurationList;
			buildConfigurations = (
				46FE3A852110C43A004CC552 /* Debug */,
				46FE3A862110C43A004CC552 /* Release */,
			);
			defaultConfigurationIsVisible = 0;
			defaultConfigurationName = Release;
		};
/* End XCConfigurationList section */
	};
	rootObject = 46FE3A752110C43A004CC552 /* Project object */;
}
